// !$*UTF8*$!
{
	archiveVersion = 1;
	classes = {
	};
	objectVersion = 56;
	objects = {

/* Begin PBXBuildFile section */
		1A0CE28629108AFE0094597D /* CameraManager.swift in Sources */ = {isa = PBXBuildFile; fileRef = 1A0CE28529108AFE0094597D /* CameraManager.swift */; };
		1A0CE2882910911E0094597D /* CameraManagerProtocol.swift in Sources */ = {isa = PBXBuildFile; fileRef = 1A0CE2872910911E0094597D /* CameraManagerProtocol.swift */; };
		1A308B3F29257E6200E226B8 /* DualCameraView.swift in Sources */ = {isa = PBXBuildFile; fileRef = 1A308B3E29257E6200E226B8 /* DualCameraView.swift */; };
		1A308B4129257E7700E226B8 /* DualCameraView.xib in Resources */ = {isa = PBXBuildFile; fileRef = 1A308B4029257E7700E226B8 /* DualCameraView.xib */; };
		1A88451F290ED8E400FC5675 /* AppDelegate.swift in Sources */ = {isa = PBXBuildFile; fileRef = 1A88451E290ED8E400FC5675 /* AppDelegate.swift */; };
		1A884521290ED8E400FC5675 /* SceneDelegate.swift in Sources */ = {isa = PBXBuildFile; fileRef = 1A884520290ED8E400FC5675 /* SceneDelegate.swift */; };
		1A884528290ED8E500FC5675 /* Assets.xcassets in Resources */ = {isa = PBXBuildFile; fileRef = 1A884527290ED8E500FC5675 /* Assets.xcassets */; };
		1A88452B290ED8E500FC5675 /* LaunchScreen.storyboard in Resources */ = {isa = PBXBuildFile; fileRef = 1A884529290ED8E500FC5675 /* LaunchScreen.storyboard */; };
		1A884536290ED8E500FC5675 /* Dual_CameraTests.swift in Sources */ = {isa = PBXBuildFile; fileRef = 1A884535290ED8E500FC5675 /* Dual_CameraTests.swift */; };
		1A884540290ED8E500FC5675 /* Dual_CameraUITests.swift in Sources */ = {isa = PBXBuildFile; fileRef = 1A88453F290ED8E500FC5675 /* Dual_CameraUITests.swift */; };
		1A884542290ED8E500FC5675 /* Dual_CameraUITestsLaunchTests.swift in Sources */ = {isa = PBXBuildFile; fileRef = 1A884541290ED8E500FC5675 /* Dual_CameraUITestsLaunchTests.swift */; };
		1A884552290EDAC000FC5675 /* CamerasViewController.swift in Sources */ = {isa = PBXBuildFile; fileRef = 1A884550290EDAC000FC5675 /* CamerasViewController.swift */; };
		1A884553290EDAC000FC5675 /* CamerasViewController.xib in Resources */ = {isa = PBXBuildFile; fileRef = 1A884551290EDAC000FC5675 /* CamerasViewController.xib */; };
		1AC2E7AA29D1950A00F7ACD5 /* CamerasProtocols.swift in Sources */ = {isa = PBXBuildFile; fileRef = 1AC2E7A929D1950A00F7ACD5 /* CamerasProtocols.swift */; };
		1AC2E7AC29D1955400F7ACD5 /* CamerasPresenter.swift in Sources */ = {isa = PBXBuildFile; fileRef = 1AC2E7AB29D1955400F7ACD5 /* CamerasPresenter.swift */; };
/* End PBXBuildFile section */

/* Begin PBXContainerItemProxy section */
		1A884532290ED8E500FC5675 /* PBXContainerItemProxy */ = {
			isa = PBXContainerItemProxy;
			containerPortal = 1A884513290ED8E400FC5675 /* Project object */;
			proxyType = 1;
			remoteGlobalIDString = 1A88451A290ED8E400FC5675;
			remoteInfo = "Dual Camera";
		};
		1A88453C290ED8E500FC5675 /* PBXContainerItemProxy */ = {
			isa = PBXContainerItemProxy;
			containerPortal = 1A884513290ED8E400FC5675 /* Project object */;
			proxyType = 1;
			remoteGlobalIDString = 1A88451A290ED8E400FC5675;
			remoteInfo = "Dual Camera";
		};
/* End PBXContainerItemProxy section */

/* Begin PBXFileReference section */
		1A0CE28529108AFE0094597D /* CameraManager.swift */ = {isa = PBXFileReference; lastKnownFileType = sourcecode.swift; path = CameraManager.swift; sourceTree = "<group>"; };
		1A0CE2872910911E0094597D /* CameraManagerProtocol.swift */ = {isa = PBXFileReference; lastKnownFileType = sourcecode.swift; path = CameraManagerProtocol.swift; sourceTree = "<group>"; };
		1A308B3E29257E6200E226B8 /* DualCameraView.swift */ = {isa = PBXFileReference; lastKnownFileType = sourcecode.swift; path = DualCameraView.swift; sourceTree = "<group>"; };
		1A308B4029257E7700E226B8 /* DualCameraView.xib */ = {isa = PBXFileReference; lastKnownFileType = file.xib; path = DualCameraView.xib; sourceTree = "<group>"; };
		1A88451B290ED8E400FC5675 /* Dual Camera.app */ = {isa = PBXFileReference; explicitFileType = wrapper.application; includeInIndex = 0; path = "Dual Camera.app"; sourceTree = BUILT_PRODUCTS_DIR; };
		1A88451E290ED8E400FC5675 /* AppDelegate.swift */ = {isa = PBXFileReference; lastKnownFileType = sourcecode.swift; path = AppDelegate.swift; sourceTree = "<group>"; };
		1A884520290ED8E400FC5675 /* SceneDelegate.swift */ = {isa = PBXFileReference; lastKnownFileType = sourcecode.swift; path = SceneDelegate.swift; sourceTree = "<group>"; };
		1A884527290ED8E500FC5675 /* Assets.xcassets */ = {isa = PBXFileReference; lastKnownFileType = folder.assetcatalog; path = Assets.xcassets; sourceTree = "<group>"; };
		1A88452A290ED8E500FC5675 /* Base */ = {isa = PBXFileReference; lastKnownFileType = file.storyboard; name = Base; path = Base.lproj/LaunchScreen.storyboard; sourceTree = "<group>"; };
		1A88452C290ED8E500FC5675 /* Info.plist */ = {isa = PBXFileReference; lastKnownFileType = text.plist.xml; path = Info.plist; sourceTree = "<group>"; };
		1A884531290ED8E500FC5675 /* Dual CameraTests.xctest */ = {isa = PBXFileReference; explicitFileType = wrapper.cfbundle; includeInIndex = 0; path = "Dual CameraTests.xctest"; sourceTree = BUILT_PRODUCTS_DIR; };
		1A884535290ED8E500FC5675 /* Dual_CameraTests.swift */ = {isa = PBXFileReference; lastKnownFileType = sourcecode.swift; path = Dual_CameraTests.swift; sourceTree = "<group>"; };
		1A88453B290ED8E500FC5675 /* Dual CameraUITests.xctest */ = {isa = PBXFileReference; explicitFileType = wrapper.cfbundle; includeInIndex = 0; path = "Dual CameraUITests.xctest"; sourceTree = BUILT_PRODUCTS_DIR; };
		1A88453F290ED8E500FC5675 /* Dual_CameraUITests.swift */ = {isa = PBXFileReference; lastKnownFileType = sourcecode.swift; path = Dual_CameraUITests.swift; sourceTree = "<group>"; };
		1A884541290ED8E500FC5675 /* Dual_CameraUITestsLaunchTests.swift */ = {isa = PBXFileReference; lastKnownFileType = sourcecode.swift; path = Dual_CameraUITestsLaunchTests.swift; sourceTree = "<group>"; };
		1A884550290EDAC000FC5675 /* CamerasViewController.swift */ = {isa = PBXFileReference; lastKnownFileType = sourcecode.swift; path = CamerasViewController.swift; sourceTree = "<group>"; };
		1A884551290EDAC000FC5675 /* CamerasViewController.xib */ = {isa = PBXFileReference; lastKnownFileType = file.xib; path = CamerasViewController.xib; sourceTree = "<group>"; };
		1AC2E7A929D1950A00F7ACD5 /* CamerasProtocols.swift */ = {isa = PBXFileReference; lastKnownFileType = sourcecode.swift; path = CamerasProtocols.swift; sourceTree = "<group>"; };
		1AC2E7AB29D1955400F7ACD5 /* CamerasPresenter.swift */ = {isa = PBXFileReference; lastKnownFileType = sourcecode.swift; path = CamerasPresenter.swift; sourceTree = "<group>"; };
/* End PBXFileReference section */

/* Begin PBXFrameworksBuildPhase section */
		1A884518290ED8E400FC5675 /* Frameworks */ = {
			isa = PBXFrameworksBuildPhase;
			buildActionMask = 2147483647;
			files = (
			);
			runOnlyForDeploymentPostprocessing = 0;
		};
		1A88452E290ED8E500FC5675 /* Frameworks */ = {
			isa = PBXFrameworksBuildPhase;
			buildActionMask = 2147483647;
			files = (
			);
			runOnlyForDeploymentPostprocessing = 0;
		};
		1A884538290ED8E500FC5675 /* Frameworks */ = {
			isa = PBXFrameworksBuildPhase;
			buildActionMask = 2147483647;
			files = (
			);
			runOnlyForDeploymentPostprocessing = 0;
		};
/* End PBXFrameworksBuildPhase section */

/* Begin PBXGroup section */
		1A0CE28429108AE70094597D /* CameraManager */ = {
			isa = PBXGroup;
			children = (
				1A0CE2872910911E0094597D /* CameraManagerProtocol.swift */,
				1A0CE28529108AFE0094597D /* CameraManager.swift */,
			);
			path = CameraManager;
			sourceTree = "<group>";
		};
		1A308B3D29257E3E00E226B8 /* DualCameraView */ = {
			isa = PBXGroup;
			children = (
				1A308B3E29257E6200E226B8 /* DualCameraView.swift */,
				1A308B4029257E7700E226B8 /* DualCameraView.xib */,
			);
			path = DualCameraView;
			sourceTree = "<group>";
		};
		1A884512290ED8E400FC5675 = {
			isa = PBXGroup;
			children = (
				1A88451D290ED8E400FC5675 /* Dual Camera */,
				1A884534290ED8E500FC5675 /* Dual CameraTests */,
				1A88453E290ED8E500FC5675 /* Dual CameraUITests */,
				1A88451C290ED8E400FC5675 /* Products */,
			);
			sourceTree = "<group>";
		};
		1A88451C290ED8E400FC5675 /* Products */ = {
			isa = PBXGroup;
			children = (
				1A88451B290ED8E400FC5675 /* Dual Camera.app */,
				1A884531290ED8E500FC5675 /* Dual CameraTests.xctest */,
				1A88453B290ED8E500FC5675 /* Dual CameraUITests.xctest */,
			);
			name = Products;
			sourceTree = "<group>";
		};
		1A88451D290ED8E400FC5675 /* Dual Camera */ = {
			isa = PBXGroup;
			children = (
				1AC2E79629D0CC8E00F7ACD5 /* App */,
				1AC2E79729D0CCA500F7ACD5 /* Resources */,
				1AC2E79829D0CCB600F7ACD5 /* Supporting files */,
				1A0CE28429108AE70094597D /* CameraManager */,
				1AC2E7A729D194B500F7ACD5 /* Modules */,
				1A88454E290EDA7E00FC5675 /* Views */,
			);
			path = "Dual Camera";
			sourceTree = "<group>";
		};
		1A884534290ED8E500FC5675 /* Dual CameraTests */ = {
			isa = PBXGroup;
			children = (
				1A884535290ED8E500FC5675 /* Dual_CameraTests.swift */,
			);
			path = "Dual CameraTests";
			sourceTree = "<group>";
		};
		1A88453E290ED8E500FC5675 /* Dual CameraUITests */ = {
			isa = PBXGroup;
			children = (
				1A88453F290ED8E500FC5675 /* Dual_CameraUITests.swift */,
				1A884541290ED8E500FC5675 /* Dual_CameraUITestsLaunchTests.swift */,
			);
			path = "Dual CameraUITests";
			sourceTree = "<group>";
		};
		1A88454E290EDA7E00FC5675 /* Views */ = {
			isa = PBXGroup;
			children = (
				1A308B3D29257E3E00E226B8 /* DualCameraView */,
			);
			path = Views;
			sourceTree = "<group>";
		};
		1AC2E79629D0CC8E00F7ACD5 /* App */ = {
			isa = PBXGroup;
			children = (
				1A88451E290ED8E400FC5675 /* AppDelegate.swift */,
				1A884520290ED8E400FC5675 /* SceneDelegate.swift */,
			);
			path = App;
			sourceTree = "<group>";
		};
		1AC2E79729D0CCA500F7ACD5 /* Resources */ = {
			isa = PBXGroup;
			children = (
				1A884527290ED8E500FC5675 /* Assets.xcassets */,
			);
			path = Resources;
			sourceTree = "<group>";
		};
		1AC2E79829D0CCB600F7ACD5 /* Supporting files */ = {
			isa = PBXGroup;
			children = (
				1A884529290ED8E500FC5675 /* LaunchScreen.storyboard */,
				1A88452C290ED8E500FC5675 /* Info.plist */,
			);
			path = "Supporting files";
			sourceTree = "<group>";
		};
		1AC2E7A729D194B500F7ACD5 /* Modules */ = {
			isa = PBXGroup;
			children = (
				1AC2E7A829D194BF00F7ACD5 /* Cameras */,
			);
			path = Modules;
			sourceTree = "<group>";
		};
		1AC2E7A829D194BF00F7ACD5 /* Cameras */ = {
			isa = PBXGroup;
			children = (
				1AC2E7A929D1950A00F7ACD5 /* CamerasProtocols.swift */,
				1A884550290EDAC000FC5675 /* CamerasViewController.swift */,
				1A884551290EDAC000FC5675 /* CamerasViewController.xib */,
				1AC2E7AB29D1955400F7ACD5 /* CamerasPresenter.swift */,
			);
			path = Cameras;
			sourceTree = "<group>";
		};
/* End PBXGroup section */

/* Begin PBXNativeTarget section */
		1A88451A290ED8E400FC5675 /* Dual Camera */ = {
			isa = PBXNativeTarget;
			buildConfigurationList = 1A884545290ED8E500FC5675 /* Build configuration list for PBXNativeTarget "Dual Camera" */;
			buildPhases = (
				1A884517290ED8E400FC5675 /* Sources */,
				1A884518290ED8E400FC5675 /* Frameworks */,
				1A884519290ED8E400FC5675 /* Resources */,
			);
			buildRules = (
			);
			dependencies = (
			);
			name = "Dual Camera";
			productName = "Dual Camera";
			productReference = 1A88451B290ED8E400FC5675 /* Dual Camera.app */;
			productType = "com.apple.product-type.application";
		};
		1A884530290ED8E500FC5675 /* Dual CameraTests */ = {
			isa = PBXNativeTarget;
			buildConfigurationList = 1A884548290ED8E500FC5675 /* Build configuration list for PBXNativeTarget "Dual CameraTests" */;
			buildPhases = (
				1A88452D290ED8E500FC5675 /* Sources */,
				1A88452E290ED8E500FC5675 /* Frameworks */,
				1A88452F290ED8E500FC5675 /* Resources */,
			);
			buildRules = (
			);
			dependencies = (
				1A884533290ED8E500FC5675 /* PBXTargetDependency */,
			);
			name = "Dual CameraTests";
			productName = "Dual CameraTests";
			productReference = 1A884531290ED8E500FC5675 /* Dual CameraTests.xctest */;
			productType = "com.apple.product-type.bundle.unit-test";
		};
		1A88453A290ED8E500FC5675 /* Dual CameraUITests */ = {
			isa = PBXNativeTarget;
			buildConfigurationList = 1A88454B290ED8E500FC5675 /* Build configuration list for PBXNativeTarget "Dual CameraUITests" */;
			buildPhases = (
				1A884537290ED8E500FC5675 /* Sources */,
				1A884538290ED8E500FC5675 /* Frameworks */,
				1A884539290ED8E500FC5675 /* Resources */,
			);
			buildRules = (
			);
			dependencies = (
				1A88453D290ED8E500FC5675 /* PBXTargetDependency */,
			);
			name = "Dual CameraUITests";
			productName = "Dual CameraUITests";
			productReference = 1A88453B290ED8E500FC5675 /* Dual CameraUITests.xctest */;
			productType = "com.apple.product-type.bundle.ui-testing";
		};
/* End PBXNativeTarget section */

/* Begin PBXProject section */
		1A884513290ED8E400FC5675 /* Project object */ = {
			isa = PBXProject;
			attributes = {
				BuildIndependentTargetsInParallel = 1;
				LastSwiftUpdateCheck = 1400;
				LastUpgradeCheck = 1400;
				TargetAttributes = {
					1A88451A290ED8E400FC5675 = {
						CreatedOnToolsVersion = 14.0.1;
					};
					1A884530290ED8E500FC5675 = {
						CreatedOnToolsVersion = 14.0.1;
						TestTargetID = 1A88451A290ED8E400FC5675;
					};
					1A88453A290ED8E500FC5675 = {
						CreatedOnToolsVersion = 14.0.1;
						TestTargetID = 1A88451A290ED8E400FC5675;
					};
				};
			};
			buildConfigurationList = 1A884516290ED8E400FC5675 /* Build configuration list for PBXProject "Dual Camera" */;
			compatibilityVersion = "Xcode 14.0";
			developmentRegion = en;
			hasScannedForEncodings = 0;
			knownRegions = (
				en,
				Base,
			);
			mainGroup = 1A884512290ED8E400FC5675;
			productRefGroup = 1A88451C290ED8E400FC5675 /* Products */;
			projectDirPath = "";
			projectRoot = "";
			targets = (
				1A88451A290ED8E400FC5675 /* Dual Camera */,
				1A884530290ED8E500FC5675 /* Dual CameraTests */,
				1A88453A290ED8E500FC5675 /* Dual CameraUITests */,
			);
		};
/* End PBXProject section */

/* Begin PBXResourcesBuildPhase section */
		1A884519290ED8E400FC5675 /* Resources */ = {
			isa = PBXResourcesBuildPhase;
			buildActionMask = 2147483647;
			files = (
				1A88452B290ED8E500FC5675 /* LaunchScreen.storyboard in Resources */,
				1A884528290ED8E500FC5675 /* Assets.xcassets in Resources */,
				1A884553290EDAC000FC5675 /* CamerasViewController.xib in Resources */,
				1A308B4129257E7700E226B8 /* DualCameraView.xib in Resources */,
			);
			runOnlyForDeploymentPostprocessing = 0;
		};
		1A88452F290ED8E500FC5675 /* Resources */ = {
			isa = PBXResourcesBuildPhase;
			buildActionMask = 2147483647;
			files = (
			);
			runOnlyForDeploymentPostprocessing = 0;
		};
		1A884539290ED8E500FC5675 /* Resources */ = {
			isa = PBXResourcesBuildPhase;
			buildActionMask = 2147483647;
			files = (
			);
			runOnlyForDeploymentPostprocessing = 0;
		};
/* End PBXResourcesBuildPhase section */

/* Begin PBXSourcesBuildPhase section */
		1A884517290ED8E400FC5675 /* Sources */ = {
			isa = PBXSourcesBuildPhase;
			buildActionMask = 2147483647;
			files = (
				1A308B3F29257E6200E226B8 /* DualCameraView.swift in Sources */,
				1A88451F290ED8E400FC5675 /* AppDelegate.swift in Sources */,
				1A884521290ED8E400FC5675 /* SceneDelegate.swift in Sources */,
				1A0CE2882910911E0094597D /* CameraManagerProtocol.swift in Sources */,
				1A0CE28629108AFE0094597D /* CameraManager.swift in Sources */,
				1AC2E7AC29D1955400F7ACD5 /* CamerasPresenter.swift in Sources */,
				1AC2E7AA29D1950A00F7ACD5 /* CamerasProtocols.swift in Sources */,
				1A884552290EDAC000FC5675 /* CamerasViewController.swift in Sources */,
			);
			runOnlyForDeploymentPostprocessing = 0;
		};
		1A88452D290ED8E500FC5675 /* Sources */ = {
			isa = PBXSourcesBuildPhase;
			buildActionMask = 2147483647;
			files = (
				1A884536290ED8E500FC5675 /* Dual_CameraTests.swift in Sources */,
			);
			runOnlyForDeploymentPostprocessing = 0;
		};
		1A884537290ED8E500FC5675 /* Sources */ = {
			isa = PBXSourcesBuildPhase;
			buildActionMask = 2147483647;
			files = (
				1A884540290ED8E500FC5675 /* Dual_CameraUITests.swift in Sources */,
				1A884542290ED8E500FC5675 /* Dual_CameraUITestsLaunchTests.swift in Sources */,
			);
			runOnlyForDeploymentPostprocessing = 0;
		};
/* End PBXSourcesBuildPhase section */

/* Begin PBXTargetDependency section */
		1A884533290ED8E500FC5675 /* PBXTargetDependency */ = {
			isa = PBXTargetDependency;
			target = 1A88451A290ED8E400FC5675 /* Dual Camera */;
			targetProxy = 1A884532290ED8E500FC5675 /* PBXContainerItemProxy */;
		};
		1A88453D290ED8E500FC5675 /* PBXTargetDependency */ = {
			isa = PBXTargetDependency;
			target = 1A88451A290ED8E400FC5675 /* Dual Camera */;
			targetProxy = 1A88453C290ED8E500FC5675 /* PBXContainerItemProxy */;
		};
/* End PBXTargetDependency section */

/* Begin PBXVariantGroup section */
		1A884529290ED8E500FC5675 /* LaunchScreen.storyboard */ = {
			isa = PBXVariantGroup;
			children = (
				1A88452A290ED8E500FC5675 /* Base */,
			);
			name = LaunchScreen.storyboard;
			sourceTree = "<group>";
		};
/* End PBXVariantGroup section */

/* Begin XCBuildConfiguration section */
		1A884543290ED8E500FC5675 /* Debug */ = {
			isa = XCBuildConfiguration;
			buildSettings = {
				ALWAYS_SEARCH_USER_PATHS = NO;
				CLANG_ANALYZER_NONNULL = YES;
				CLANG_ANALYZER_NUMBER_OBJECT_CONVERSION = YES_AGGRESSIVE;
				CLANG_CXX_LANGUAGE_STANDARD = "gnu++20";
				CLANG_ENABLE_MODULES = YES;
				CLANG_ENABLE_OBJC_ARC = YES;
				CLANG_ENABLE_OBJC_WEAK = YES;
				CLANG_WARN_BLOCK_CAPTURE_AUTORELEASING = YES;
				CLANG_WARN_BOOL_CONVERSION = YES;
				CLANG_WARN_COMMA = YES;
				CLANG_WARN_CONSTANT_CONVERSION = YES;
				CLANG_WARN_DEPRECATED_OBJC_IMPLEMENTATIONS = YES;
				CLANG_WARN_DIRECT_OBJC_ISA_USAGE = YES_ERROR;
				CLANG_WARN_DOCUMENTATION_COMMENTS = YES;
				CLANG_WARN_EMPTY_BODY = YES;
				CLANG_WARN_ENUM_CONVERSION = YES;
				CLANG_WARN_INFINITE_RECURSION = YES;
				CLANG_WARN_INT_CONVERSION = YES;
				CLANG_WARN_NON_LITERAL_NULL_CONVERSION = YES;
				CLANG_WARN_OBJC_IMPLICIT_RETAIN_SELF = YES;
				CLANG_WARN_OBJC_LITERAL_CONVERSION = YES;
				CLANG_WARN_OBJC_ROOT_CLASS = YES_ERROR;
				CLANG_WARN_QUOTED_INCLUDE_IN_FRAMEWORK_HEADER = YES;
				CLANG_WARN_RANGE_LOOP_ANALYSIS = YES;
				CLANG_WARN_STRICT_PROTOTYPES = YES;
				CLANG_WARN_SUSPICIOUS_MOVE = YES;
				CLANG_WARN_UNGUARDED_AVAILABILITY = YES_AGGRESSIVE;
				CLANG_WARN_UNREACHABLE_CODE = YES;
				CLANG_WARN__DUPLICATE_METHOD_MATCH = YES;
				COPY_PHASE_STRIP = NO;
				DEBUG_INFORMATION_FORMAT = dwarf;
				ENABLE_STRICT_OBJC_MSGSEND = YES;
				ENABLE_TESTABILITY = YES;
				GCC_C_LANGUAGE_STANDARD = gnu11;
				GCC_DYNAMIC_NO_PIC = NO;
				GCC_NO_COMMON_BLOCKS = YES;
				GCC_OPTIMIZATION_LEVEL = 0;
				GCC_PREPROCESSOR_DEFINITIONS = (
					"DEBUG=1",
					"$(inherited)",
				);
				GCC_WARN_64_TO_32_BIT_CONVERSION = YES;
				GCC_WARN_ABOUT_RETURN_TYPE = YES_ERROR;
				GCC_WARN_UNDECLARED_SELECTOR = YES;
				GCC_WARN_UNINITIALIZED_AUTOS = YES_AGGRESSIVE;
				GCC_WARN_UNUSED_FUNCTION = YES;
				GCC_WARN_UNUSED_VARIABLE = YES;
				IPHONEOS_DEPLOYMENT_TARGET = 16.0;
				MTL_ENABLE_DEBUG_INFO = INCLUDE_SOURCE;
				MTL_FAST_MATH = YES;
				ONLY_ACTIVE_ARCH = YES;
				SDKROOT = iphoneos;
				SWIFT_ACTIVE_COMPILATION_CONDITIONS = DEBUG;
				SWIFT_OPTIMIZATION_LEVEL = "-Onone";
			};
			name = Debug;
		};
		1A884544290ED8E500FC5675 /* Release */ = {
			isa = XCBuildConfiguration;
			buildSettings = {
				ALWAYS_SEARCH_USER_PATHS = NO;
				CLANG_ANALYZER_NONNULL = YES;
				CLANG_ANALYZER_NUMBER_OBJECT_CONVERSION = YES_AGGRESSIVE;
				CLANG_CXX_LANGUAGE_STANDARD = "gnu++20";
				CLANG_ENABLE_MODULES = YES;
				CLANG_ENABLE_OBJC_ARC = YES;
				CLANG_ENABLE_OBJC_WEAK = YES;
				CLANG_WARN_BLOCK_CAPTURE_AUTORELEASING = YES;
				CLANG_WARN_BOOL_CONVERSION = YES;
				CLANG_WARN_COMMA = YES;
				CLANG_WARN_CONSTANT_CONVERSION = YES;
				CLANG_WARN_DEPRECATED_OBJC_IMPLEMENTATIONS = YES;
				CLANG_WARN_DIRECT_OBJC_ISA_USAGE = YES_ERROR;
				CLANG_WARN_DOCUMENTATION_COMMENTS = YES;
				CLANG_WARN_EMPTY_BODY = YES;
				CLANG_WARN_ENUM_CONVERSION = YES;
				CLANG_WARN_INFINITE_RECURSION = YES;
				CLANG_WARN_INT_CONVERSION = YES;
				CLANG_WARN_NON_LITERAL_NULL_CONVERSION = YES;
				CLANG_WARN_OBJC_IMPLICIT_RETAIN_SELF = YES;
				CLANG_WARN_OBJC_LITERAL_CONVERSION = YES;
				CLANG_WARN_OBJC_ROOT_CLASS = YES_ERROR;
				CLANG_WARN_QUOTED_INCLUDE_IN_FRAMEWORK_HEADER = YES;
				CLANG_WARN_RANGE_LOOP_ANALYSIS = YES;
				CLANG_WARN_STRICT_PROTOTYPES = YES;
				CLANG_WARN_SUSPICIOUS_MOVE = YES;
				CLANG_WARN_UNGUARDED_AVAILABILITY = YES_AGGRESSIVE;
				CLANG_WARN_UNREACHABLE_CODE = YES;
				CLANG_WARN__DUPLICATE_METHOD_MATCH = YES;
				COPY_PHASE_STRIP = NO;
				DEBUG_INFORMATION_FORMAT = "dwarf-with-dsym";
				ENABLE_NS_ASSERTIONS = NO;
				ENABLE_STRICT_OBJC_MSGSEND = YES;
				GCC_C_LANGUAGE_STANDARD = gnu11;
				GCC_NO_COMMON_BLOCKS = YES;
				GCC_WARN_64_TO_32_BIT_CONVERSION = YES;
				GCC_WARN_ABOUT_RETURN_TYPE = YES_ERROR;
				GCC_WARN_UNDECLARED_SELECTOR = YES;
				GCC_WARN_UNINITIALIZED_AUTOS = YES_AGGRESSIVE;
				GCC_WARN_UNUSED_FUNCTION = YES;
				GCC_WARN_UNUSED_VARIABLE = YES;
				IPHONEOS_DEPLOYMENT_TARGET = 16.0;
				MTL_ENABLE_DEBUG_INFO = NO;
				MTL_FAST_MATH = YES;
				SDKROOT = iphoneos;
				SWIFT_COMPILATION_MODE = wholemodule;
				SWIFT_OPTIMIZATION_LEVEL = "-O";
				VALIDATE_PRODUCT = YES;
			};
			name = Release;
		};
		1A884546290ED8E500FC5675 /* Debug */ = {
			isa = XCBuildConfiguration;
			buildSettings = {
				ASSETCATALOG_COMPILER_APPICON_NAME = AppIcon;
				ASSETCATALOG_COMPILER_GLOBAL_ACCENT_COLOR_NAME = AccentColor;
				CODE_SIGN_STYLE = Automatic;
				CURRENT_PROJECT_VERSION = 1;
				DEVELOPMENT_TEAM = V9WUS7ZBGW;
				GENERATE_INFOPLIST_FILE = YES;
				INFOPLIST_FILE = "Dual Camera/Supporting files/Info.plist";
				INFOPLIST_KEY_LSApplicationCategoryType = "public.app-category.photography";
				INFOPLIST_KEY_UIApplicationSupportsIndirectInputEvents = YES;
				INFOPLIST_KEY_UILaunchStoryboardName = LaunchScreen;
				INFOPLIST_KEY_UIMainStoryboardFile = "";
				INFOPLIST_KEY_UISupportedInterfaceOrientations_iPad = "UIInterfaceOrientationPortrait UIInterfaceOrientationPortraitUpsideDown UIInterfaceOrientationLandscapeLeft UIInterfaceOrientationLandscapeRight";
				INFOPLIST_KEY_UISupportedInterfaceOrientations_iPhone = "UIInterfaceOrientationPortrait UIInterfaceOrientationLandscapeLeft UIInterfaceOrientationLandscapeRight";
				IPHONEOS_DEPLOYMENT_TARGET = 15.0;
				LD_RUNPATH_SEARCH_PATHS = (
					"$(inherited)",
					"@executable_path/Frameworks",
				);
				MARKETING_VERSION = 1.0;
				PRODUCT_BUNDLE_IDENTIFIER = "eus.aitorzubizarreta.Dual-Camera";
				PRODUCT_NAME = "$(TARGET_NAME)";
				SUPPORTED_PLATFORMS = "iphoneos iphonesimulator";
				SUPPORTS_MACCATALYST = NO;
				SUPPORTS_MAC_DESIGNED_FOR_IPHONE_IPAD = NO;
				SWIFT_EMIT_LOC_STRINGS = YES;
				SWIFT_VERSION = 5.0;
				TARGETED_DEVICE_FAMILY = 1;
			};
			name = Debug;
		};
		1A884547290ED8E500FC5675 /* Release */ = {
			isa = XCBuildConfiguration;
			buildSettings = {
				ASSETCATALOG_COMPILER_APPICON_NAME = AppIcon;
				ASSETCATALOG_COMPILER_GLOBAL_ACCENT_COLOR_NAME = AccentColor;
				CODE_SIGN_STYLE = Automatic;
				CURRENT_PROJECT_VERSION = 1;
				DEVELOPMENT_TEAM = V9WUS7ZBGW;
				GENERATE_INFOPLIST_FILE = YES;
				INFOPLIST_FILE = "Dual Camera/Supporting files/Info.plist";
				INFOPLIST_KEY_LSApplicationCategoryType = "public.app-category.photography";
				INFOPLIST_KEY_UIApplicationSupportsIndirectInputEvents = YES;
				INFOPLIST_KEY_UILaunchStoryboardName = LaunchScreen;
				INFOPLIST_KEY_UIMainStoryboardFile = "";
				INFOPLIST_KEY_UISupportedInterfaceOrientations_iPad = "UIInterfaceOrientationPortrait UIInterfaceOrientationPortraitUpsideDown UIInterfaceOrientationLandscapeLeft UIInterfaceOrientationLandscapeRight";
				INFOPLIST_KEY_UISupportedInterfaceOrientations_iPhone = "UIInterfaceOrientationPortrait UIInterfaceOrientationLandscapeLeft UIInterfaceOrientationLandscapeRight";
				IPHONEOS_DEPLOYMENT_TARGET = 15.0;
				LD_RUNPATH_SEARCH_PATHS = (
					"$(inherited)",
					"@executable_path/Frameworks",
				);
				MARKETING_VERSION = 1.0;
				PRODUCT_BUNDLE_IDENTIFIER = "eus.aitorzubizarreta.Dual-Camera";
				PRODUCT_NAME = "$(TARGET_NAME)";
				SUPPORTED_PLATFORMS = "iphoneos iphonesimulator";
				SUPPORTS_MACCATALYST = NO;
				SUPPORTS_MAC_DESIGNED_FOR_IPHONE_IPAD = NO;
				SWIFT_EMIT_LOC_STRINGS = YES;
				SWIFT_VERSION = 5.0;
				TARGETED_DEVICE_FAMILY = 1;
			};
			name = Release;
		};
		1A884549290ED8E500FC5675 /* Debug */ = {
			isa = XCBuildConfiguration;
			buildSettings = {
				ALWAYS_EMBED_SWIFT_STANDARD_LIBRARIES = YES;
				BUNDLE_LOADER = "$(TEST_HOST)";
				CODE_SIGN_STYLE = Automatic;
				CURRENT_PROJECT_VERSION = 1;
				DEVELOPMENT_TEAM = V9WUS7ZBGW;
				GENERATE_INFOPLIST_FILE = YES;
				IPHONEOS_DEPLOYMENT_TARGET = 16.0;
				MARKETING_VERSION = 1.0;
				PRODUCT_BUNDLE_IDENTIFIER = "eus.aitorzubizarreta.Dual-CameraTests";
				PRODUCT_NAME = "$(TARGET_NAME)";
				SWIFT_EMIT_LOC_STRINGS = NO;
				SWIFT_VERSION = 5.0;
				TARGETED_DEVICE_FAMILY = "1,2";
				TEST_HOST = "$(BUILT_PRODUCTS_DIR)/Dual Camera.app/$(BUNDLE_EXECUTABLE_FOLDER_PATH)/Dual Camera";
			};
			name = Debug;
		};
		1A88454A290ED8E500FC5675 /* Release */ = {
			isa = XCBuildConfiguration;
			buildSettings = {
				ALWAYS_EMBED_SWIFT_STANDARD_LIBRARIES = YES;
				BUNDLE_LOADER = "$(TEST_HOST)";
				CODE_SIGN_STYLE = Automatic;
				CURRENT_PROJECT_VERSION = 1;
				DEVELOPMENT_TEAM = V9WUS7ZBGW;
				GENERATE_INFOPLIST_FILE = YES;
				IPHONEOS_DEPLOYMENT_TARGET = 16.0;
				MARKETING_VERSION = 1.0;
				PRODUCT_BUNDLE_IDENTIFIER = "eus.aitorzubizarreta.Dual-CameraTests";
				PRODUCT_NAME = "$(TARGET_NAME)";
				SWIFT_EMIT_LOC_STRINGS = NO;
				SWIFT_VERSION = 5.0;
				TARGETED_DEVICE_FAMILY = "1,2";
				TEST_HOST = "$(BUILT_PRODUCTS_DIR)/Dual Camera.app/$(BUNDLE_EXECUTABLE_FOLDER_PATH)/Dual Camera";
			};
			name = Release;
		};
		1A88454C290ED8E500FC5675 /* Debug */ = {
			isa = XCBuildConfiguration;
			buildSettings = {
				ALWAYS_EMBED_SWIFT_STANDARD_LIBRARIES = YES;
				CODE_SIGN_STYLE = Automatic;
				CURRENT_PROJECT_VERSION = 1;
				DEVELOPMENT_TEAM = V9WUS7ZBGW;
				GENERATE_INFOPLIST_FILE = YES;
				MARKETING_VERSION = 1.0;
				PRODUCT_BUNDLE_IDENTIFIER = "eus.aitorzubizarreta.Dual-CameraUITests";
				PRODUCT_NAME = "$(TARGET_NAME)";
				SWIFT_EMIT_LOC_STRINGS = NO;
				SWIFT_VERSION = 5.0;
				TARGETED_DEVICE_FAMILY = "1,2";
				TEST_TARGET_NAME = "Dual Camera";
			};
			name = Debug;
		};
		1A88454D290ED8E500FC5675 /* Release */ = {
			isa = XCBuildConfiguration;
			buildSettings = {
				ALWAYS_EMBED_SWIFT_STANDARD_LIBRARIES = YES;
				CODE_SIGN_STYLE = Automatic;
				CURRENT_PROJECT_VERSION = 1;
				DEVELOPMENT_TEAM = V9WUS7ZBGW;
				GENERATE_INFOPLIST_FILE = YES;
				MARKETING_VERSION = 1.0;
				PRODUCT_BUNDLE_IDENTIFIER = "eus.aitorzubizarreta.Dual-CameraUITests";
				PRODUCT_NAME = "$(TARGET_NAME)";
				SWIFT_EMIT_LOC_STRINGS = NO;
				SWIFT_VERSION = 5.0;
				TARGETED_DEVICE_FAMILY = "1,2";
				TEST_TARGET_NAME = "Dual Camera";
			};
			name = Release;
		};
/* End XCBuildConfiguration section */

/* Begin XCConfigurationList section */
		1A884516290ED8E400FC5675 /* Build configuration list for PBXProject "Dual Camera" */ = {
			isa = XCConfigurationList;
			buildConfigurations = (
				1A884543290ED8E500FC5675 /* Debug */,
				1A884544290ED8E500FC5675 /* Release */,
			);
			defaultConfigurationIsVisible = 0;
			defaultConfigurationName = Release;
		};
		1A884545290ED8E500FC5675 /* Build configuration list for PBXNativeTarget "Dual Camera" */ = {
			isa = XCConfigurationList;
			buildConfigurations = (
				1A884546290ED8E500FC5675 /* Debug */,
				1A884547290ED8E500FC5675 /* Release */,
			);
			defaultConfigurationIsVisible = 0;
			defaultConfigurationName = Release;
		};
		1A884548290ED8E500FC5675 /* Build configuration list for PBXNativeTarget "Dual CameraTests" */ = {
			isa = XCConfigurationList;
			buildConfigurations = (
				1A884549290ED8E500FC5675 /* Debug */,
				1A88454A290ED8E500FC5675 /* Release */,
			);
			defaultConfigurationIsVisible = 0;
			defaultConfigurationName = Release;
		};
		1A88454B290ED8E500FC5675 /* Build configuration list for PBXNativeTarget "Dual CameraUITests" */ = {
			isa = XCConfigurationList;
			buildConfigurations = (
				1A88454C290ED8E500FC5675 /* Debug */,
				1A88454D290ED8E500FC5675 /* Release */,
			);
			defaultConfigurationIsVisible = 0;
			defaultConfigurationName = Release;
		};
/* End XCConfigurationList section */
	};
	rootObject = 1A884513290ED8E400FC5675 /* Project object */;
}
